
Microsoft Visual Studio Solution File, Format Version 12.00
# Visual Studio Version 16
VisualStudioVersion = 16.0.31729.503
MinimumVisualStudioVersion = 10.0.40219.1
Project("{FAE04EC0-301F-11D3-BF4B-00C04F79EFBC}") = "ChristmasGift", "ChristmasGift\ChristmasGift.csproj", "{ECA27DAE-F1EB-4CAF-ACB9-56B6141D085A}"
EndProject
Global
	GlobalSection(SolutionConfigurationPlatforms) = preSolution
		Debug|Any CPU = Debug|Any CPU
		Release|Any CPU = Release|Any CPU
	EndGlobalSection
	GlobalSection(ProjectConfigurationPlatforms) = postSolution
		{ECA27DAE-F1EB-4CAF-ACB9-56B6141D085A}.Debug|Any CPU.ActiveCfg = Debug|Any CPU
		{ECA27DAE-F1EB-4CAF-ACB9-56B6141D085A}.Debug|Any CPU.Build.0 = Debug|Any CPU
		{ECA27DAE-F1EB-4CAF-ACB9-56B6141D085A}.Release|Any CPU.ActiveCfg = Release|Any CPU
		{ECA27DAE-F1EB-4CAF-ACB9-56B6141D085A}.Release|Any CPU.Build.0 = Release|Any CPU
	EndGlobalSection
	GlobalSection(SolutionProperties) = preSolution
		HideSolutionNode = FALSE
	EndGlobalSection
	GlobalSection(ExtensibilityGlobals) = postSolution
		SolutionGuid = {0E6352FD-EDEB-4D45-BF54-0FA50C0BAC8B}
	EndGlobalSection
EndGlobal
