
Microsoft Visual Studio Solution File, Format Version 12.00
# Visual Studio Version 16
VisualStudioVersion = 16.0.31729.503
MinimumVisualStudioVersion = 10.0.40219.1
Project("{FAE04EC0-301F-11D3-BF4B-00C04F79EFBC}") = "ValueAtRisk", "ValueAtRisk\ValueAtRisk.csproj", "{9EE8420A-A9D1-4B29-ADB8-B1F893F57ACF}"
EndProject
Global
	GlobalSection(SolutionConfigurationPlatforms) = preSolution
		Debug|Any CPU = Debug|Any CPU
		Release|Any CPU = Release|Any CPU
	EndGlobalSection
	GlobalSection(ProjectConfigurationPlatforms) = postSolution
		{9EE8420A-A9D1-4B29-ADB8-B1F893F57ACF}.Debug|Any CPU.ActiveCfg = Debug|Any CPU
		{9EE8420A-A9D1-4B29-ADB8-B1F893F57ACF}.Debug|Any CPU.Build.0 = Debug|Any CPU
		{9EE8420A-A9D1-4B29-ADB8-B1F893F57ACF}.Release|Any CPU.ActiveCfg = Release|Any CPU
		{9EE8420A-A9D1-4B29-ADB8-B1F893F57ACF}.Release|Any CPU.Build.0 = Release|Any CPU
	EndGlobalSection
	GlobalSection(SolutionProperties) = preSolution
		HideSolutionNode = FALSE
	EndGlobalSection
	GlobalSection(ExtensibilityGlobals) = postSolution
		SolutionGuid = {70C945B7-A78F-46B4-8D10-15239998227F}
	EndGlobalSection
EndGlobal
